
Microsoft Visual Studio Solution File, Format Version 12.00
# Visual Studio Version 17
VisualStudioVersion = 17.14.36915.13
MinimumVisualStudioVersion = 10.0.40219.1
Project("{FAE04EC0-301F-11D3-BF4B-00C04F79EFBC}") = "ProductManager.DBModels", "ProductManager.DBModels\ProductManager.DBModels.csproj", "{ADCED95D-FCE5-3DAE-20DF-CD2023868AB0}"
EndProject
Project("{FAE04EC0-301F-11D3-BF4B-00C04F79EFBC}") = "ProductManager.CommonComponents", "ProductManager.CommonComponents\ProductManager.CommonComponents.csproj", "{F3332377-D4DA-74C4-5DC3-9F3271185FFF}"
EndProject
Project("{FAE04EC0-301F-11D3-BF4B-00C04F79EFBC}") = "ProductManager.Services", "ProductManager.Services\ProductManager.Services.csproj", "{5D549B83-F11B-6DD1-CCBF-020899C9DD13}"
EndProject
Project("{FAE04EC0-301F-11D3-BF4B-00C04F79EFBC}") = "ProductManager.UIModels", "ProductManager.UIModels\ProductManager.UIModels.csproj", "{7FC3D370-CFE9-E19F-5D3D-652220CDCDD2}"
EndProject
Project("{FAE04EC0-301F-11D3-BF4B-00C04F79EFBC}") = "ProductManager.Console", "ProductManager.Console\ProductManager.Console.csproj", "{FAD479AA-C5B0-49B2-B2D5-CF01A4C4D4EC}"
EndProject
Global
	GlobalSection(SolutionConfigurationPlatforms) = preSolution
		Debug|Any CPU = Debug|Any CPU
		Release|Any CPU = Release|Any CPU
	EndGlobalSection
	GlobalSection(ProjectConfigurationPlatforms) = postSolution
		{ADCED95D-FCE5-3DAE-20DF-CD2023868AB0}.Debug|Any CPU.ActiveCfg = Debug|Any CPU
		{ADCED95D-FCE5-3DAE-20DF-CD2023868AB0}.Debug|Any CPU.Build.0 = Debug|Any CPU
		{ADCED95D-FCE5-3DAE-20DF-CD2023868AB0}.Release|Any CPU.ActiveCfg = Release|Any CPU
		{ADCED95D-FCE5-3DAE-20DF-CD2023868AB0}.Release|Any CPU.Build.0 = Release|Any CPU
		{F3332377-D4DA-74C4-5DC3-9F3271185FFF}.Debug|Any CPU.ActiveCfg = Debug|Any CPU
		{F3332377-D4DA-74C4-5DC3-9F3271185FFF}.Debug|Any CPU.Build.0 = Debug|Any CPU
		{F3332377-D4DA-74C4-5DC3-9F3271185FFF}.Release|Any CPU.ActiveCfg = Release|Any CPU
		{F3332377-D4DA-74C4-5DC3-9F3271185FFF}.Release|Any CPU.Build.0 = Release|Any CPU
		{5D549B83-F11B-6DD1-CCBF-020899C9DD13}.Debug|Any CPU.ActiveCfg = Debug|Any CPU
		{5D549B83-F11B-6DD1-CCBF-020899C9DD13}.Debug|Any CPU.Build.0 = Debug|Any CPU
		{5D549B83-F11B-6DD1-CCBF-020899C9DD13}.Release|Any CPU.ActiveCfg = Release|Any CPU
		{5D549B83-F11B-6DD1-CCBF-020899C9DD13}.Release|Any CPU.Build.0 = Release|Any CPU
		{7FC3D370-CFE9-E19F-5D3D-652220CDCDD2}.Debug|Any CPU.ActiveCfg = Debug|Any CPU
		{7FC3D370-CFE9-E19F-5D3D-652220CDCDD2}.Debug|Any CPU.Build.0 = Debug|Any CPU
		{7FC3D370-CFE9-E19F-5D3D-652220CDCDD2}.Release|Any CPU.ActiveCfg = Release|Any CPU
		{7FC3D370-CFE9-E19F-5D3D-652220CDCDD2}.Release|Any CPU.Build.0 = Release|Any CPU
		{FAD479AA-C5B0-49B2-B2D5-CF01A4C4D4EC}.Debug|Any CPU.ActiveCfg = Debug|Any CPU
		{FAD479AA-C5B0-49B2-B2D5-CF01A4C4D4EC}.Debug|Any CPU.Build.0 = Debug|Any CPU
		{FAD479AA-C5B0-49B2-B2D5-CF01A4C4D4EC}.Release|Any CPU.ActiveCfg = Release|Any CPU
		{FAD479AA-C5B0-49B2-B2D5-CF01A4C4D4EC}.Release|Any CPU.Build.0 = Release|Any CPU
	EndGlobalSection
	GlobalSection(SolutionProperties) = preSolution
		HideSolutionNode = FALSE
	EndGlobalSection
	GlobalSection(ExtensibilityGlobals) = postSolution
		SolutionGuid = {2801929A-E5EC-49AF-9866-15081F68437E}
	EndGlobalSection
EndGlobal
