
Microsoft Visual Studio Solution File, Format Version 12.00
# Visual Studio Version 17
VisualStudioVersion = 17.14.36915.13 d17.14
MinimumVisualStudioVersion = 10.0.40219.1
Project("{FAE04EC0-301F-11D3-BF4B-00C04F79EFBC}") = "ProductManagerDBModels", "ProductManagerDBModels.csproj", "{C44FEC1D-3BEF-4B3F-8E87-6E0C46BBDF6A}"
EndProject
Global
	GlobalSection(SolutionConfigurationPlatforms) = preSolution
		Debug|Any CPU = Debug|Any CPU
		Release|Any CPU = Release|Any CPU
	EndGlobalSection
	GlobalSection(ProjectConfigurationPlatforms) = postSolution
		{C44FEC1D-3BEF-4B3F-8E87-6E0C46BBDF6A}.Debug|Any CPU.ActiveCfg = Debug|Any CPU
		{C44FEC1D-3BEF-4B3F-8E87-6E0C46BBDF6A}.Debug|Any CPU.Build.0 = Debug|Any CPU
		{C44FEC1D-3BEF-4B3F-8E87-6E0C46BBDF6A}.Release|Any CPU.ActiveCfg = Release|Any CPU
		{C44FEC1D-3BEF-4B3F-8E87-6E0C46BBDF6A}.Release|Any CPU.Build.0 = Release|Any CPU
	EndGlobalSection
	GlobalSection(SolutionProperties) = preSolution
		HideSolutionNode = FALSE
	EndGlobalSection
	GlobalSection(ExtensibilityGlobals) = postSolution
		SolutionGuid = {D0966C41-FBAB-4552-8B27-564C6962ED19}
	EndGlobalSection
EndGlobal
